
Microsoft Visual Studio Solution File, Format Version 12.00
# Visual Studio Version 16
VisualStudioVersion = 16.0.29102.190
MinimumVisualStudioVersion = 10.0.40219.1
Project("{FAE04EC0-301F-11D3-BF4B-00C04F79EFBC}") = "WcfEntity", "WcfEntity\WcfEntity.csproj", "{6DF4AB2C-48F5-46C0-B632-E1CC9AD9DD76}"
	ProjectSection(ProjectDependencies) = postProject
		{A1C8E15F-FF36-4FF0-AB23-6ECADA880CB9} = {A1C8E15F-FF36-4FF0-AB23-6ECADA880CB9}
	EndProjectSection
EndProject
Project("{FAE04EC0-301F-11D3-BF4B-00C04F79EFBC}") = "WcfDb", "WctDb\WcfDb.csproj", "{7837DF2F-2E01-4255-895D-4B2442380492}"
EndProject
Project("{FAE04EC0-301F-11D3-BF4B-00C04F79EFBC}") = "WcfServiceLibrary1", "WcfServiceLibrary1\WcfServiceLibrary1.csproj", "{A1C8E15F-FF36-4FF0-AB23-6ECADA880CB9}"
EndProject
Global
	GlobalSection(SolutionConfigurationPlatforms) = preSolution
		Debug|Any CPU = Debug|Any CPU
		Release|Any CPU = Release|Any CPU
	EndGlobalSection
	GlobalSection(ProjectConfigurationPlatforms) = postSolution
		{6DF4AB2C-48F5-46C0-B632-E1CC9AD9DD76}.Debug|Any CPU.ActiveCfg = Debug|Any CPU
		{6DF4AB2C-48F5-46C0-B632-E1CC9AD9DD76}.Debug|Any CPU.Build.0 = Debug|Any CPU
		{6DF4AB2C-48F5-46C0-B632-E1CC9AD9DD76}.Release|Any CPU.ActiveCfg = Release|Any CPU
		{6DF4AB2C-48F5-46C0-B632-E1CC9AD9DD76}.Release|Any CPU.Build.0 = Release|Any CPU
		{7837DF2F-2E01-4255-895D-4B2442380492}.Debug|Any CPU.ActiveCfg = Debug|Any CPU
		{7837DF2F-2E01-4255-895D-4B2442380492}.Debug|Any CPU.Build.0 = Debug|Any CPU
		{7837DF2F-2E01-4255-895D-4B2442380492}.Release|Any CPU.ActiveCfg = Release|Any CPU
		{7837DF2F-2E01-4255-895D-4B2442380492}.Release|Any CPU.Build.0 = Release|Any CPU
		{A1C8E15F-FF36-4FF0-AB23-6ECADA880CB9}.Debug|Any CPU.ActiveCfg = Debug|Any CPU
		{A1C8E15F-FF36-4FF0-AB23-6ECADA880CB9}.Debug|Any CPU.Build.0 = Debug|Any CPU
		{A1C8E15F-FF36-4FF0-AB23-6ECADA880CB9}.Release|Any CPU.ActiveCfg = Release|Any CPU
		{A1C8E15F-FF36-4FF0-AB23-6ECADA880CB9}.Release|Any CPU.Build.0 = Release|Any CPU
	EndGlobalSection
	GlobalSection(SolutionProperties) = preSolution
		HideSolutionNode = FALSE
	EndGlobalSection
	GlobalSection(ExtensibilityGlobals) = postSolution
		SolutionGuid = {68EAD5FB-A013-4217-BE23-9DBA9F79A8AC}
	EndGlobalSection
EndGlobal
